
Microsoft Visual Studio Solution File, Format Version 12.00
# Visual Studio 14
VisualStudioVersion = 14.0.24720.0
MinimumVisualStudioVersion = 10.0.40219.1
Project("{8BC9CEB8-8B4A-11D0-8D11-00A0C91BC942}") = "Solution", "Solution\Solution.vcxproj", "{9CC2C0FB-45EF-4CF6-873F-C236F8FFACF6}"
EndProject
Project("{8BC9CEB8-8B4A-11D0-8D11-00A0C91BC942}") = "diogo", "..\diogo\diogo\diogo.vcxproj", "{A683F113-2614-4D2B-8C1A-BF5A0199AB39}"
EndProject
Global
	GlobalSection(SolutionConfigurationPlatforms) = preSolution
		Debug|x64 = Debug|x64
		Debug|x86 = Debug|x86
		Release|x64 = Release|x64
		Release|x86 = Release|x86
	EndGlobalSection
	GlobalSection(ProjectConfigurationPlatforms) = postSolution
		{9CC2C0FB-45EF-4CF6-873F-C236F8FFACF6}.Debug|x64.ActiveCfg = Debug|x64
		{9CC2C0FB-45EF-4CF6-873F-C236F8FFACF6}.Debug|x64.Build.0 = Debug|x64
		{9CC2C0FB-45EF-4CF6-873F-C236F8FFACF6}.Debug|x86.ActiveCfg = Debug|Win32
		{9CC2C0FB-45EF-4CF6-873F-C236F8FFACF6}.Debug|x86.Build.0 = Debug|Win32
		{9CC2C0FB-45EF-4CF6-873F-C236F8FFACF6}.Release|x64.ActiveCfg = Release|x64
		{9CC2C0FB-45EF-4CF6-873F-C236F8FFACF6}.Release|x64.Build.0 = Release|x64
		{9CC2C0FB-45EF-4CF6-873F-C236F8FFACF6}.Release|x86.ActiveCfg = Release|Win32
		{9CC2C0FB-45EF-4CF6-873F-C236F8FFACF6}.Release|x86.Build.0 = Release|Win32
		{A683F113-2614-4D2B-8C1A-BF5A0199AB39}.Debug|x64.ActiveCfg = Debug|x64
		{A683F113-2614-4D2B-8C1A-BF5A0199AB39}.Debug|x64.Build.0 = Debug|x64
		{A683F113-2614-4D2B-8C1A-BF5A0199AB39}.Debug|x86.ActiveCfg = Debug|Win32
		{A683F113-2614-4D2B-8C1A-BF5A0199AB39}.Debug|x86.Build.0 = Debug|Win32
		{A683F113-2614-4D2B-8C1A-BF5A0199AB39}.Release|x64.ActiveCfg = Release|x64
		{A683F113-2614-4D2B-8C1A-BF5A0199AB39}.Release|x64.Build.0 = Release|x64
		{A683F113-2614-4D2B-8C1A-BF5A0199AB39}.Release|x86.ActiveCfg = Release|Win32
		{A683F113-2614-4D2B-8C1A-BF5A0199AB39}.Release|x86.Build.0 = Release|Win32
	EndGlobalSection
	GlobalSection(SolutionProperties) = preSolution
		HideSolutionNode = FALSE
	EndGlobalSection
EndGlobal
