
Microsoft Visual Studio Solution File, Format Version 12.00
# Visual Studio 14
VisualStudioVersion = 14.0.24720.0
MinimumVisualStudioVersion = 10.0.40219.1
Project("{8BC9CEB8-8B4A-11D0-8D11-00A0C91BC942}") = "Server02", "..\interface\Server02\Server02\Server02.vcxproj", "{DB2FE867-886B-41F9-B804-7825608DE72D}"
EndProject
Project("{8BC9CEB8-8B4A-11D0-8D11-00A0C91BC942}") = "getaway", "..\interface\getaway\getaway\getaway.vcxproj", "{49F79316-D41C-4D4E-8F91-C59AC240FED8}"
EndProject
Project("{8BC9CEB8-8B4A-11D0-8D11-00A0C91BC942}") = "Client", "..\interface\Client\Client\Client.vcxproj", "{E2DBF607-355C-4698-9E9E-12239A3945FB}"
EndProject
Global
	GlobalSection(SolutionConfigurationPlatforms) = preSolution
		Debug|x64 = Debug|x64
		Debug|x86 = Debug|x86
		Release|x64 = Release|x64
		Release|x86 = Release|x86
	EndGlobalSection
	GlobalSection(ProjectConfigurationPlatforms) = postSolution
		{DB2FE867-886B-41F9-B804-7825608DE72D}.Debug|x64.ActiveCfg = Debug|x64
		{DB2FE867-886B-41F9-B804-7825608DE72D}.Debug|x64.Build.0 = Debug|x64
		{DB2FE867-886B-41F9-B804-7825608DE72D}.Debug|x86.ActiveCfg = Debug|Win32
		{DB2FE867-886B-41F9-B804-7825608DE72D}.Debug|x86.Build.0 = Debug|Win32
		{DB2FE867-886B-41F9-B804-7825608DE72D}.Release|x64.ActiveCfg = Release|x64
		{DB2FE867-886B-41F9-B804-7825608DE72D}.Release|x64.Build.0 = Release|x64
		{DB2FE867-886B-41F9-B804-7825608DE72D}.Release|x86.ActiveCfg = Release|Win32
		{DB2FE867-886B-41F9-B804-7825608DE72D}.Release|x86.Build.0 = Release|Win32
		{49F79316-D41C-4D4E-8F91-C59AC240FED8}.Debug|x64.ActiveCfg = Debug|x64
		{49F79316-D41C-4D4E-8F91-C59AC240FED8}.Debug|x64.Build.0 = Debug|x64
		{49F79316-D41C-4D4E-8F91-C59AC240FED8}.Debug|x86.ActiveCfg = Debug|Win32
		{49F79316-D41C-4D4E-8F91-C59AC240FED8}.Debug|x86.Build.0 = Debug|Win32
		{49F79316-D41C-4D4E-8F91-C59AC240FED8}.Release|x64.ActiveCfg = Release|x64
		{49F79316-D41C-4D4E-8F91-C59AC240FED8}.Release|x64.Build.0 = Release|x64
		{49F79316-D41C-4D4E-8F91-C59AC240FED8}.Release|x86.ActiveCfg = Release|Win32
		{49F79316-D41C-4D4E-8F91-C59AC240FED8}.Release|x86.Build.0 = Release|Win32
		{E2DBF607-355C-4698-9E9E-12239A3945FB}.Debug|x64.ActiveCfg = Debug|x64
		{E2DBF607-355C-4698-9E9E-12239A3945FB}.Debug|x64.Build.0 = Debug|x64
		{E2DBF607-355C-4698-9E9E-12239A3945FB}.Debug|x86.ActiveCfg = Debug|Win32
		{E2DBF607-355C-4698-9E9E-12239A3945FB}.Debug|x86.Build.0 = Debug|Win32
		{E2DBF607-355C-4698-9E9E-12239A3945FB}.Release|x64.ActiveCfg = Release|x64
		{E2DBF607-355C-4698-9E9E-12239A3945FB}.Release|x64.Build.0 = Release|x64
		{E2DBF607-355C-4698-9E9E-12239A3945FB}.Release|x86.ActiveCfg = Release|Win32
		{E2DBF607-355C-4698-9E9E-12239A3945FB}.Release|x86.Build.0 = Release|Win32
	EndGlobalSection
	GlobalSection(SolutionProperties) = preSolution
		HideSolutionNode = FALSE
	EndGlobalSection
EndGlobal
